
Microsoft Visual Studio Solution File, Format Version 12.00
Project("{FAE04EC0-301F-11D3-BF4B-00C04F79EFBC}") = "ChronoLedger", "src\ChronoLedger\ChronoLedger.csproj", "{E6AD81AA-F3E3-427D-AC5B-3BAF53AB1EA6}"
EndProject
Project("{2150E333-8FDC-42A3-9474-1A3956D46DE8}") = "src", "src", "{52DC885C-D31A-4806-BCCF-C664CEB262A2}"
EndProject
Project("{2150E333-8FDC-42A3-9474-1A3956D46DE8}") = "test", "test", "{212260AA-8935-4210-989A-4D8C2367AE6B}"
EndProject
Project("{FAE04EC0-301F-11D3-BF4B-00C04F79EFBC}") = "ChronoLedger.Gateway", "src\ChronoLedger.Gateway\ChronoLedger.Gateway.csproj", "{C3358FB0-B292-4750-9955-EA0C56347468}"
EndProject
Project("{FAE04EC0-301F-11D3-BF4B-00C04F79EFBC}") = "ChronoLedger.Schema", "src\ChronoLedger.Schema\ChronoLedger.Schema.csproj", "{57E00711-0672-40BA-BCA7-ECAD65F6A847}"
EndProject
Project("{FAE04EC0-301F-11D3-BF4B-00C04F79EFBC}") = "ChronoLedger.SchemaSync", "src\ChronoLedger.SchemaSync\ChronoLedger.SchemaSync.csproj", "{C1207D4F-D76D-4D1C-94CF-61D2C2F5BD91}"
EndProject
Global
	GlobalSection(SolutionConfigurationPlatforms) = preSolution
		Debug|Any CPU = Debug|Any CPU
		Release|Any CPU = Release|Any CPU
	EndGlobalSection
	GlobalSection(ProjectConfigurationPlatforms) = postSolution
		{E6AD81AA-F3E3-427D-AC5B-3BAF53AB1EA6}.Debug|Any CPU.ActiveCfg = Debug|Any CPU
		{E6AD81AA-F3E3-427D-AC5B-3BAF53AB1EA6}.Debug|Any CPU.Build.0 = Debug|Any CPU
		{E6AD81AA-F3E3-427D-AC5B-3BAF53AB1EA6}.Release|Any CPU.ActiveCfg = Release|Any CPU
		{E6AD81AA-F3E3-427D-AC5B-3BAF53AB1EA6}.Release|Any CPU.Build.0 = Release|Any CPU
		{C3358FB0-B292-4750-9955-EA0C56347468}.Debug|Any CPU.ActiveCfg = Debug|Any CPU
		{C3358FB0-B292-4750-9955-EA0C56347468}.Debug|Any CPU.Build.0 = Debug|Any CPU
		{C3358FB0-B292-4750-9955-EA0C56347468}.Release|Any CPU.ActiveCfg = Release|Any CPU
		{C3358FB0-B292-4750-9955-EA0C56347468}.Release|Any CPU.Build.0 = Release|Any CPU
		{57E00711-0672-40BA-BCA7-ECAD65F6A847}.Debug|Any CPU.ActiveCfg = Debug|Any CPU
		{57E00711-0672-40BA-BCA7-ECAD65F6A847}.Debug|Any CPU.Build.0 = Debug|Any CPU
		{57E00711-0672-40BA-BCA7-ECAD65F6A847}.Release|Any CPU.ActiveCfg = Release|Any CPU
		{57E00711-0672-40BA-BCA7-ECAD65F6A847}.Release|Any CPU.Build.0 = Release|Any CPU
		{C1207D4F-D76D-4D1C-94CF-61D2C2F5BD91}.Debug|Any CPU.ActiveCfg = Debug|Any CPU
		{C1207D4F-D76D-4D1C-94CF-61D2C2F5BD91}.Debug|Any CPU.Build.0 = Debug|Any CPU
		{C1207D4F-D76D-4D1C-94CF-61D2C2F5BD91}.Release|Any CPU.ActiveCfg = Release|Any CPU
		{C1207D4F-D76D-4D1C-94CF-61D2C2F5BD91}.Release|Any CPU.Build.0 = Release|Any CPU
	EndGlobalSection
	GlobalSection(NestedProjects) = preSolution
		{E6AD81AA-F3E3-427D-AC5B-3BAF53AB1EA6} = {52DC885C-D31A-4806-BCCF-C664CEB262A2}
		{C3358FB0-B292-4750-9955-EA0C56347468} = {52DC885C-D31A-4806-BCCF-C664CEB262A2}
		{57E00711-0672-40BA-BCA7-ECAD65F6A847} = {52DC885C-D31A-4806-BCCF-C664CEB262A2}
		{C1207D4F-D76D-4D1C-94CF-61D2C2F5BD91} = {52DC885C-D31A-4806-BCCF-C664CEB262A2}
	EndGlobalSection
EndGlobal
